// !$*UTF8*$!
{
	archiveVersion = 1;
	classes = {
	};
	objectVersion = 56;
	objects = {

/* Begin PBXBuildFile section */
		72F77CA42C0128E000348251 /* AppDelegate.swift in Sources */ = {isa = PBXBuildFile; fileRef = 72F77CA32C0128E000348251 /* AppDelegate.swift */; };
		72F77CA62C0128E000348251 /* SceneDelegate.swift in Sources */ = {isa = PBXBuildFile; fileRef = 72F77CA52C0128E000348251 /* SceneDelegate.swift */; };
		72F77CA82C0128E000348251 /* ViewController.swift in Sources */ = {isa = PBXBuildFile; fileRef = 72F77CA72C0128E000348251 /* ViewController.swift */; };
		72F77CAB2C0128E000348251 /* Main.storyboard in Resources */ = {isa = PBXBuildFile; fileRef = 72F77CA92C0128E000348251 /* Main.storyboard */; };
		72F77CAD2C0128E100348251 /* Assets.xcassets in Resources */ = {isa = PBXBuildFile; fileRef = 72F77CAC2C0128E100348251 /* Assets.xcassets */; };
		72F77CB02C0128E100348251 /* LaunchScreen.storyboard in Resources */ = {isa = PBXBuildFile; fileRef = 72F77CAE2C0128E100348251 /* LaunchScreen.storyboard */; };
		72F77CBB2C0128E100348251 /* MontronCodeTests.swift in Sources */ = {isa = PBXBuildFile; fileRef = 72F77CBA2C0128E100348251 /* MontronCodeTests.swift */; };
		72F77CC52C0128E100348251 /* MontronCodeUITests.swift in Sources */ = {isa = PBXBuildFile; fileRef = 72F77CC42C0128E100348251 /* MontronCodeUITests.swift */; };
		72F77CC72C0128E100348251 /* MontronCodeUITestsLaunchTests.swift in Sources */ = {isa = PBXBuildFile; fileRef = 72F77CC62C0128E100348251 /* MontronCodeUITestsLaunchTests.swift */; };
/* End PBXBuildFile section */

/* Begin PBXContainerItemProxy section */
		72F77CB72C0128E100348251 /* PBXContainerItemProxy */ = {
			isa = PBXContainerItemProxy;
			containerPortal = 72F77C982C0128E000348251 /* Project object */;
			proxyType = 1;
			remoteGlobalIDString = 72F77C9F2C0128E000348251;
			remoteInfo = MontronCode;
		};
		72F77CC12C0128E100348251 /* PBXContainerItemProxy */ = {
			isa = PBXContainerItemProxy;
			containerPortal = 72F77C982C0128E000348251 /* Project object */;
			proxyType = 1;
			remoteGlobalIDString = 72F77C9F2C0128E000348251;
			remoteInfo = MontronCode;
		};
/* End PBXContainerItemProxy section */

/* Begin PBXFileReference section */
		72F77CA02C0128E000348251 /* MontronCode.app */ = {isa = PBXFileReference; explicitFileType = wrapper.application; includeInIndex = 0; path = MontronCode.app; sourceTree = BUILT_PRODUCTS_DIR; };
		72F77CA32C0128E000348251 /* AppDelegate.swift */ = {isa = PBXFileReference; lastKnownFileType = sourcecode.swift; path = AppDelegate.swift; sourceTree = "<group>"; };
		72F77CA52C0128E000348251 /* SceneDelegate.swift */ = {isa = PBXFileReference; lastKnownFileType = sourcecode.swift; path = SceneDelegate.swift; sourceTree = "<group>"; };
		72F77CA72C0128E000348251 /* ViewController.swift */ = {isa = PBXFileReference; lastKnownFileType = sourcecode.swift; path = ViewController.swift; sourceTree = "<group>"; };
		72F77CAA2C0128E000348251 /* Base */ = {isa = PBXFileReference; lastKnownFileType = file.storyboard; name = Base; path = Base.lproj/Main.storyboard; sourceTree = "<group>"; };
		72F77CAC2C0128E100348251 /* Assets.xcassets */ = {isa = PBXFileReference; lastKnownFileType = folder.assetcatalog; path = Assets.xcassets; sourceTree = "<group>"; };
		72F77CAF2C0128E100348251 /* Base */ = {isa = PBXFileReference; lastKnownFileType = file.storyboard; name = Base; path = Base.lproj/LaunchScreen.storyboard; sourceTree = "<group>"; };
		72F77CB12C0128E100348251 /* Info.plist */ = {isa = PBXFileReference; lastKnownFileType = text.plist.xml; path = Info.plist; sourceTree = "<group>"; };
		72F77CB62C0128E100348251 /* MontronCodeTests.xctest */ = {isa = PBXFileReference; explicitFileType = wrapper.cfbundle; includeInIndex = 0; path = MontronCodeTests.xctest; sourceTree = BUILT_PRODUCTS_DIR; };
		72F77CBA2C0128E100348251 /* MontronCodeTests.swift */ = {isa = PBXFileReference; lastKnownFileType = sourcecode.swift; path = MontronCodeTests.swift; sourceTree = "<group>"; };
		72F77CC02C0128E100348251 /* MontronCodeUITests.xctest */ = {isa = PBXFileReference; explicitFileType = wrapper.cfbundle; includeInIndex = 0; path = MontronCodeUITests.xctest; sourceTree = BUILT_PRODUCTS_DIR; };
		72F77CC42C0128E100348251 /* MontronCodeUITests.swift */ = {isa = PBXFileReference; lastKnownFileType = sourcecode.swift; path = MontronCodeUITests.swift; sourceTree = "<group>"; };
		72F77CC62C0128E100348251 /* MontronCodeUITestsLaunchTests.swift */ = {isa = PBXFileReference; lastKnownFileType = sourcecode.swift; path = MontronCodeUITestsLaunchTests.swift; sourceTree = "<group>"; };
/* End PBXFileReference section */

/* Begin PBXFrameworksBuildPhase section */
		72F77C9D2C0128E000348251 /* Frameworks */ = {
			isa = PBXFrameworksBuildPhase;
			buildActionMask = 2147483647;
			files = (
			);
			runOnlyForDeploymentPostprocessing = 0;
		};
		72F77CB32C0128E100348251 /* Frameworks */ = {
			isa = PBXFrameworksBuildPhase;
			buildActionMask = 2147483647;
			files = (
			);
			runOnlyForDeploymentPostprocessing = 0;
		};
		72F77CBD2C0128E100348251 /* Frameworks */ = {
			isa = PBXFrameworksBuildPhase;
			buildActionMask = 2147483647;
			files = (
			);
			runOnlyForDeploymentPostprocessing = 0;
		};
/* End PBXFrameworksBuildPhase section */

/* Begin PBXGroup section */
		72F77C972C0128E000348251 = {
			isa = PBXGroup;
			children = (
				72F77CA22C0128E000348251 /* MontronCode */,
				72F77CB92C0128E100348251 /* MontronCodeTests */,
				72F77CC32C0128E100348251 /* MontronCodeUITests */,
				72F77CA12C0128E000348251 /* Products */,
			);
			sourceTree = "<group>";
		};
		72F77CA12C0128E000348251 /* Products */ = {
			isa = PBXGroup;
			children = (
				72F77CA02C0128E000348251 /* MontronCode.app */,
				72F77CB62C0128E100348251 /* MontronCodeTests.xctest */,
				72F77CC02C0128E100348251 /* MontronCodeUITests.xctest */,
			);
			name = Products;
			sourceTree = "<group>";
		};
		72F77CA22C0128E000348251 /* MontronCode */ = {
			isa = PBXGroup;
			children = (
				72F77CA32C0128E000348251 /* AppDelegate.swift */,
				72F77CA52C0128E000348251 /* SceneDelegate.swift */,
				72F77CA72C0128E000348251 /* ViewController.swift */,
				72F77CA92C0128E000348251 /* Main.storyboard */,
				72F77CAC2C0128E100348251 /* Assets.xcassets */,
				72F77CAE2C0128E100348251 /* LaunchScreen.storyboard */,
				72F77CB12C0128E100348251 /* Info.plist */,
			);
			path = MontronCode;
			sourceTree = "<group>";
		};
		72F77CB92C0128E100348251 /* MontronCodeTests */ = {
			isa = PBXGroup;
			children = (
				72F77CBA2C0128E100348251 /* MontronCodeTests.swift */,
			);
			path = MontronCodeTests;
			sourceTree = "<group>";
		};
		72F77CC32C0128E100348251 /* MontronCodeUITests */ = {
			isa = PBXGroup;
			children = (
				72F77CC42C0128E100348251 /* MontronCodeUITests.swift */,
				72F77CC62C0128E100348251 /* MontronCodeUITestsLaunchTests.swift */,
			);
			path = MontronCodeUITests;
			sourceTree = "<group>";
		};
/* End PBXGroup section */

/* Begin PBXNativeTarget section */
		72F77C9F2C0128E000348251 /* MontronCode */ = {
			isa = PBXNativeTarget;
			buildConfigurationList = 72F77CCA2C0128E100348251 /* Build configuration list for PBXNativeTarget "MontronCode" */;
			buildPhases = (
				72F77C9C2C0128E000348251 /* Sources */,
				72F77C9D2C0128E000348251 /* Frameworks */,
				72F77C9E2C0128E000348251 /* Resources */,
			);
			buildRules = (
			);
			dependencies = (
			);
			name = MontronCode;
			productName = MontronCode;
			productReference = 72F77CA02C0128E000348251 /* MontronCode.app */;
			productType = "com.apple.product-type.application";
		};
		72F77CB52C0128E100348251 /* MontronCodeTests */ = {
			isa = PBXNativeTarget;
			buildConfigurationList = 72F77CCD2C0128E100348251 /* Build configuration list for PBXNativeTarget "MontronCodeTests" */;
			buildPhases = (
				72F77CB22C0128E100348251 /* Sources */,
				72F77CB32C0128E100348251 /* Frameworks */,
				72F77CB42C0128E100348251 /* Resources */,
			);
			buildRules = (
			);
			dependencies = (
				72F77CB82C0128E100348251 /* PBXTargetDependency */,
			);
			name = MontronCodeTests;
			productName = MontronCodeTests;
			productReference = 72F77CB62C0128E100348251 /* MontronCodeTests.xctest */;
			productType = "com.apple.product-type.bundle.unit-test";
		};
		72F77CBF2C0128E100348251 /* MontronCodeUITests */ = {
			isa = PBXNativeTarget;
			buildConfigurationList = 72F77CD02C0128E100348251 /* Build configuration list for PBXNativeTarget "MontronCodeUITests" */;
			buildPhases = (
				72F77CBC2C0128E100348251 /* Sources */,
				72F77CBD2C0128E100348251 /* Frameworks */,
				72F77CBE2C0128E100348251 /* Resources */,
			);
			buildRules = (
			);
			dependencies = (
				72F77CC22C0128E100348251 /* PBXTargetDependency */,
			);
			name = MontronCodeUITests;
			productName = MontronCodeUITests;
			productReference = 72F77CC02C0128E100348251 /* MontronCodeUITests.xctest */;
			productType = "com.apple.product-type.bundle.ui-testing";
		};
/* End PBXNativeTarget section */

/* Begin PBXProject section */
		72F77C982C0128E000348251 /* Project object */ = {
			isa = PBXProject;
			attributes = {
				BuildIndependentTargetsInParallel = 1;
				LastSwiftUpdateCheck = 1520;
				LastUpgradeCheck = 1520;
				TargetAttributes = {
					72F77C9F2C0128E000348251 = {
						CreatedOnToolsVersion = 15.2;
					};
					72F77CB52C0128E100348251 = {
						CreatedOnToolsVersion = 15.2;
						TestTargetID = 72F77C9F2C0128E000348251;
					};
					72F77CBF2C0128E100348251 = {
						CreatedOnToolsVersion = 15.2;
						TestTargetID = 72F77C9F2C0128E000348251;
					};
				};
			};
			buildConfigurationList = 72F77C9B2C0128E000348251 /* Build configuration list for PBXProject "MontronCode" */;
			compatibilityVersion = "Xcode 14.0";
			developmentRegion = en;
			hasScannedForEncodings = 0;
			knownRegions = (
				en,
				Base,
			);
			mainGroup = 72F77C972C0128E000348251;
			productRefGroup = 72F77CA12C0128E000348251 /* Products */;
			projectDirPath = "";
			projectRoot = "";
			targets = (
				72F77C9F2C0128E000348251 /* MontronCode */,
				72F77CB52C0128E100348251 /* MontronCodeTests */,
				72F77CBF2C0128E100348251 /* MontronCodeUITests */,
			);
		};
/* End PBXProject section */

/* Begin PBXResourcesBuildPhase section */
		72F77C9E2C0128E000348251 /* Resources */ = {
			isa = PBXResourcesBuildPhase;
			buildActionMask = 2147483647;
			files = (
				72F77CB02C0128E100348251 /* LaunchScreen.storyboard in Resources */,
				72F77CAD2C0128E100348251 /* Assets.xcassets in Resources */,
				72F77CAB2C0128E000348251 /* Main.storyboard in Resources */,
			);
			runOnlyForDeploymentPostprocessing = 0;
		};
		72F77CB42C0128E100348251 /* Resources */ = {
			isa = PBXResourcesBuildPhase;
			buildActionMask = 2147483647;
			files = (
			);
			runOnlyForDeploymentPostprocessing = 0;
		};
		72F77CBE2C0128E100348251 /* Resources */ = {
			isa = PBXResourcesBuildPhase;
			buildActionMask = 2147483647;
			files = (
			);
			runOnlyForDeploymentPostprocessing = 0;
		};
/* End PBXResourcesBuildPhase section */

/* Begin PBXSourcesBuildPhase section */
		72F77C9C2C0128E000348251 /* Sources */ = {
			isa = PBXSourcesBuildPhase;
			buildActionMask = 2147483647;
			files = (
				72F77CA82C0128E000348251 /* ViewController.swift in Sources */,
				72F77CA42C0128E000348251 /* AppDelegate.swift in Sources */,
				72F77CA62C0128E000348251 /* SceneDelegate.swift in Sources */,
			);
			runOnlyForDeploymentPostprocessing = 0;
		};
		72F77CB22C0128E100348251 /* Sources */ = {
			isa = PBXSourcesBuildPhase;
			buildActionMask = 2147483647;
			files = (
				72F77CBB2C0128E100348251 /* MontronCodeTests.swift in Sources */,
			);
			runOnlyForDeploymentPostprocessing = 0;
		};
		72F77CBC2C0128E100348251 /* Sources */ = {
			isa = PBXSourcesBuildPhase;
			buildActionMask = 2147483647;
			files = (
				72F77CC52C0128E100348251 /* MontronCodeUITests.swift in Sources */,
				72F77CC72C0128E100348251 /* MontronCodeUITestsLaunchTests.swift in Sources */,
			);
			runOnlyForDeploymentPostprocessing = 0;
		};
/* End PBXSourcesBuildPhase section */

/* Begin PBXTargetDependency section */
		72F77CB82C0128E100348251 /* PBXTargetDependency */ = {
			isa = PBXTargetDependency;
			target = 72F77C9F2C0128E000348251 /* MontronCode */;
			targetProxy = 72F77CB72C0128E100348251 /* PBXContainerItemProxy */;
		};
		72F77CC22C0128E100348251 /* PBXTargetDependency */ = {
			isa = PBXTargetDependency;
			target = 72F77C9F2C0128E000348251 /* MontronCode */;
			targetProxy = 72F77CC12C0128E100348251 /* PBXContainerItemProxy */;
		};
/* End PBXTargetDependency section */

/* Begin PBXVariantGroup section */
		72F77CA92C0128E000348251 /* Main.storyboard */ = {
			isa = PBXVariantGroup;
			children = (
				72F77CAA2C0128E000348251 /* Base */,
			);
			name = Main.storyboard;
			sourceTree = "<group>";
		};
		72F77CAE2C0128E100348251 /* LaunchScreen.storyboard */ = {
			isa = PBXVariantGroup;
			children = (
				72F77CAF2C0128E100348251 /* Base */,
			);
			name = LaunchScreen.storyboard;
			sourceTree = "<group>";
		};
/* End PBXVariantGroup section */

/* Begin XCBuildConfiguration section */
		72F77CC82C0128E100348251 /* Debug */ = {
			isa = XCBuildConfiguration;
			buildSettings = {
				ALWAYS_SEARCH_USER_PATHS = NO;
				ASSETCATALOG_COMPILER_GENERATE_SWIFT_ASSET_SYMBOL_EXTENSIONS = YES;
				CLANG_ANALYZER_NONNULL = YES;
				CLANG_ANALYZER_NUMBER_OBJECT_CONVERSION = YES_AGGRESSIVE;
				CLANG_CXX_LANGUAGE_STANDARD = "gnu++20";
				CLANG_ENABLE_MODULES = YES;
				CLANG_ENABLE_OBJC_ARC = YES;
				CLANG_ENABLE_OBJC_WEAK = YES;
				CLANG_WARN_BLOCK_CAPTURE_AUTORELEASING = YES;
				CLANG_WARN_BOOL_CONVERSION = YES;
				CLANG_WARN_COMMA = YES;
				CLANG_WARN_CONSTANT_CONVERSION = YES;
				CLANG_WARN_DEPRECATED_OBJC_IMPLEMENTATIONS = YES;
				CLANG_WARN_DIRECT_OBJC_ISA_USAGE = YES_ERROR;
				CLANG_WARN_DOCUMENTATION_COMMENTS = YES;
				CLANG_WARN_EMPTY_BODY = YES;
				CLANG_WARN_ENUM_CONVERSION = YES;
				CLANG_WARN_INFINITE_RECURSION = YES;
				CLANG_WARN_INT_CONVERSION = YES;
				CLANG_WARN_NON_LITERAL_NULL_CONVERSION = YES;
				CLANG_WARN_OBJC_IMPLICIT_RETAIN_SELF = YES;
				CLANG_WARN_OBJC_LITERAL_CONVERSION = YES;
				CLANG_WARN_OBJC_ROOT_CLASS = YES_ERROR;
				CLANG_WARN_QUOTED_INCLUDE_IN_FRAMEWORK_HEADER = YES;
				CLANG_WARN_RANGE_LOOP_ANALYSIS = YES;
				CLANG_WARN_STRICT_PROTOTYPES = YES;
				CLANG_WARN_SUSPICIOUS_MOVE = YES;
				CLANG_WARN_UNGUARDED_AVAILABILITY = YES_AGGRESSIVE;
				CLANG_WARN_UNREACHABLE_CODE = YES;
				CLANG_WARN__DUPLICATE_METHOD_MATCH = YES;
				COPY_PHASE_STRIP = NO;
				DEBUG_INFORMATION_FORMAT = dwarf;
				ENABLE_STRICT_OBJC_MSGSEND = YES;
				ENABLE_TESTABILITY = YES;
				ENABLE_USER_SCRIPT_SANDBOXING = YES;
				GCC_C_LANGUAGE_STANDARD = gnu17;
				GCC_DYNAMIC_NO_PIC = NO;
				GCC_NO_COMMON_BLOCKS = YES;
				GCC_OPTIMIZATION_LEVEL = 0;
				GCC_PREPROCESSOR_DEFINITIONS = (
					"DEBUG=1",
					"$(inherited)",
				);
				GCC_WARN_64_TO_32_BIT_CONVERSION = YES;
				GCC_WARN_ABOUT_RETURN_TYPE = YES_ERROR;
				GCC_WARN_UNDECLARED_SELECTOR = YES;
				GCC_WARN_UNINITIALIZED_AUTOS = YES_AGGRESSIVE;
				GCC_WARN_UNUSED_FUNCTION = YES;
				GCC_WARN_UNUSED_VARIABLE = YES;
				IPHONEOS_DEPLOYMENT_TARGET = 17.2;
				LOCALIZATION_PREFERS_STRING_CATALOGS = YES;
				MTL_ENABLE_DEBUG_INFO = INCLUDE_SOURCE;
				MTL_FAST_MATH = YES;
				ONLY_ACTIVE_ARCH = YES;
				SDKROOT = iphoneos;
				SWIFT_ACTIVE_COMPILATION_CONDITIONS = "DEBUG $(inherited)";
				SWIFT_OPTIMIZATION_LEVEL = "-Onone";
			};
			name = Debug;
		};
		72F77CC92C0128E100348251 /* Release */ = {
			isa = XCBuildConfiguration;
			buildSettings = {
				ALWAYS_SEARCH_USER_PATHS = NO;
				ASSETCATALOG_COMPILER_GENERATE_SWIFT_ASSET_SYMBOL_EXTENSIONS = YES;
				CLANG_ANALYZER_NONNULL = YES;
				CLANG_ANALYZER_NUMBER_OBJECT_CONVERSION = YES_AGGRESSIVE;
				CLANG_CXX_LANGUAGE_STANDARD = "gnu++20";
				CLANG_ENABLE_MODULES = YES;
				CLANG_ENABLE_OBJC_ARC = YES;
				CLANG_ENABLE_OBJC_WEAK = YES;
				CLANG_WARN_BLOCK_CAPTURE_AUTORELEASING = YES;
				CLANG_WARN_BOOL_CONVERSION = YES;
				CLANG_WARN_COMMA = YES;
				CLANG_WARN_CONSTANT_CONVERSION = YES;
				CLANG_WARN_DEPRECATED_OBJC_IMPLEMENTATIONS = YES;
				CLANG_WARN_DIRECT_OBJC_ISA_USAGE = YES_ERROR;
				CLANG_WARN_DOCUMENTATION_COMMENTS = YES;
				CLANG_WARN_EMPTY_BODY = YES;
				CLANG_WARN_ENUM_CONVERSION = YES;
				CLANG_WARN_INFINITE_RECURSION = YES;
				CLANG_WARN_INT_CONVERSION = YES;
				CLANG_WARN_NON_LITERAL_NULL_CONVERSION = YES;
				CLANG_WARN_OBJC_IMPLICIT_RETAIN_SELF = YES;
				CLANG_WARN_OBJC_LITERAL_CONVERSION = YES;
				CLANG_WARN_OBJC_ROOT_CLASS = YES_ERROR;
				CLANG_WARN_QUOTED_INCLUDE_IN_FRAMEWORK_HEADER = YES;
				CLANG_WARN_RANGE_LOOP_ANALYSIS = YES;
				CLANG_WARN_STRICT_PROTOTYPES = YES;
				CLANG_WARN_SUSPICIOUS_MOVE = YES;
				CLANG_WARN_UNGUARDED_AVAILABILITY = YES_AGGRESSIVE;
				CLANG_WARN_UNREACHABLE_CODE = YES;
				CLANG_WARN__DUPLICATE_METHOD_MATCH = YES;
				COPY_PHASE_STRIP = NO;
				DEBUG_INFORMATION_FORMAT = "dwarf-with-dsym";
				ENABLE_NS_ASSERTIONS = NO;
				ENABLE_STRICT_OBJC_MSGSEND = YES;
				ENABLE_USER_SCRIPT_SANDBOXING = YES;
				GCC_C_LANGUAGE_STANDARD = gnu17;
				GCC_NO_COMMON_BLOCKS = YES;
				GCC_WARN_64_TO_32_BIT_CONVERSION = YES;
				GCC_WARN_ABOUT_RETURN_TYPE = YES_ERROR;
				GCC_WARN_UNDECLARED_SELECTOR = YES;
				GCC_WARN_UNINITIALIZED_AUTOS = YES_AGGRESSIVE;
				GCC_WARN_UNUSED_FUNCTION = YES;
				GCC_WARN_UNUSED_VARIABLE = YES;
				IPHONEOS_DEPLOYMENT_TARGET = 17.2;
				LOCALIZATION_PREFERS_STRING_CATALOGS = YES;
				MTL_ENABLE_DEBUG_INFO = NO;
				MTL_FAST_MATH = YES;
				SDKROOT = iphoneos;
				SWIFT_COMPILATION_MODE = wholemodule;
				VALIDATE_PRODUCT = YES;
			};
			name = Release;
		};
		72F77CCB2C0128E100348251 /* Debug */ = {
			isa = XCBuildConfiguration;
			buildSettings = {
				ASSETCATALOG_COMPILER_APPICON_NAME = AppIcon;
				ASSETCATALOG_COMPILER_GLOBAL_ACCENT_COLOR_NAME = AccentColor;
				CODE_SIGN_STYLE = Automatic;
				CURRENT_PROJECT_VERSION = 1;
				GENERATE_INFOPLIST_FILE = YES;
				INFOPLIST_FILE = MontronCode/Info.plist;
				INFOPLIST_KEY_UIApplicationSupportsIndirectInputEvents = YES;
				INFOPLIST_KEY_UILaunchStoryboardName = LaunchScreen;
				INFOPLIST_KEY_UIMainStoryboardFile = Main;
				INFOPLIST_KEY_UISupportedInterfaceOrientations_iPad = "UIInterfaceOrientationPortrait UIInterfaceOrientationPortraitUpsideDown UIInterfaceOrientationLandscapeLeft UIInterfaceOrientationLandscapeRight";
				INFOPLIST_KEY_UISupportedInterfaceOrientations_iPhone = "UIInterfaceOrientationPortrait UIInterfaceOrientationLandscapeLeft UIInterfaceOrientationLandscapeRight";
				LD_RUNPATH_SEARCH_PATHS = (
					"$(inherited)",
					"@executable_path/Frameworks",
				);
				MARKETING_VERSION = 1.0;
				PRODUCT_BUNDLE_IDENTIFIER = com.smartmonitor.MontronCode;
				PRODUCT_NAME = "$(TARGET_NAME)";
				SWIFT_EMIT_LOC_STRINGS = YES;
				SWIFT_VERSION = 5.0;
				TARGETED_DEVICE_FAMILY = "1,2";
			};
			name = Debug;
		};
		72F77CCC2C0128E100348251 /* Release */ = {
			isa = XCBuildConfiguration;
			buildSettings = {
				ASSETCATALOG_COMPILER_APPICON_NAME = AppIcon;
				ASSETCATALOG_COMPILER_GLOBAL_ACCENT_COLOR_NAME = AccentColor;
				CODE_SIGN_STYLE = Automatic;
				CURRENT_PROJECT_VERSION = 1;
				GENERATE_INFOPLIST_FILE = YES;
				INFOPLIST_FILE = MontronCode/Info.plist;
				INFOPLIST_KEY_UIApplicationSupportsIndirectInputEvents = YES;
				INFOPLIST_KEY_UILaunchStoryboardName = LaunchScreen;
				INFOPLIST_KEY_UIMainStoryboardFile = Main;
				INFOPLIST_KEY_UISupportedInterfaceOrientations_iPad = "UIInterfaceOrientationPortrait UIInterfaceOrientationPortraitUpsideDown UIInterfaceOrientationLandscapeLeft UIInterfaceOrientationLandscapeRight";
				INFOPLIST_KEY_UISupportedInterfaceOrientations_iPhone = "UIInterfaceOrientationPortrait UIInterfaceOrientationLandscapeLeft UIInterfaceOrientationLandscapeRight";
				LD_RUNPATH_SEARCH_PATHS = (
					"$(inherited)",
					"@executable_path/Frameworks",
				);
				MARKETING_VERSION = 1.0;
				PRODUCT_BUNDLE_IDENTIFIER = com.smartmonitor.MontronCode;
				PRODUCT_NAME = "$(TARGET_NAME)";
				SWIFT_EMIT_LOC_STRINGS = YES;
				SWIFT_VERSION = 5.0;
				TARGETED_DEVICE_FAMILY = "1,2";
			};
			name = Release;
		};
		72F77CCE2C0128E100348251 /* Debug */ = {
			isa = XCBuildConfiguration;
			buildSettings = {
				ALWAYS_EMBED_SWIFT_STANDARD_LIBRARIES = YES;
				BUNDLE_LOADER = "$(TEST_HOST)";
				CODE_SIGN_STYLE = Automatic;
				CURRENT_PROJECT_VERSION = 1;
				GENERATE_INFOPLIST_FILE = YES;
				IPHONEOS_DEPLOYMENT_TARGET = 17.2;
				MARKETING_VERSION = 1.0;
				PRODUCT_BUNDLE_IDENTIFIER = com.smartmonitor.MontronCodeTests;
				PRODUCT_NAME = "$(TARGET_NAME)";
				SWIFT_EMIT_LOC_STRINGS = NO;
				SWIFT_VERSION = 5.0;
				TARGETED_DEVICE_FAMILY = "1,2";
				TEST_HOST = "$(BUILT_PRODUCTS_DIR)/MontronCode.app/$(BUNDLE_EXECUTABLE_FOLDER_PATH)/MontronCode";
			};
			name = Debug;
		};
		72F77CCF2C0128E100348251 /* Release */ = {
			isa = XCBuildConfiguration;
			buildSettings = {
				ALWAYS_EMBED_SWIFT_STANDARD_LIBRARIES = YES;
				BUNDLE_LOADER = "$(TEST_HOST)";
				CODE_SIGN_STYLE = Automatic;
				CURRENT_PROJECT_VERSION = 1;
				GENERATE_INFOPLIST_FILE = YES;
				IPHONEOS_DEPLOYMENT_TARGET = 17.2;
				MARKETING_VERSION = 1.0;
				PRODUCT_BUNDLE_IDENTIFIER = com.smartmonitor.MontronCodeTests;
				PRODUCT_NAME = "$(TARGET_NAME)";
				SWIFT_EMIT_LOC_STRINGS = NO;
				SWIFT_VERSION = 5.0;
				TARGETED_DEVICE_FAMILY = "1,2";
				TEST_HOST = "$(BUILT_PRODUCTS_DIR)/MontronCode.app/$(BUNDLE_EXECUTABLE_FOLDER_PATH)/MontronCode";
			};
			name = Release;
		};
		72F77CD12C0128E100348251 /* Debug */ = {
			isa = XCBuildConfiguration;
			buildSettings = {
				ALWAYS_EMBED_SWIFT_STANDARD_LIBRARIES = YES;
				CODE_SIGN_STYLE = Automatic;
				CURRENT_PROJECT_VERSION = 1;
				GENERATE_INFOPLIST_FILE = YES;
				MARKETING_VERSION = 1.0;
				PRODUCT_BUNDLE_IDENTIFIER = com.smartmonitor.MontronCodeUITests;
				PRODUCT_NAME = "$(TARGET_NAME)";
				SWIFT_EMIT_LOC_STRINGS = NO;
				SWIFT_VERSION = 5.0;
				TARGETED_DEVICE_FAMILY = "1,2";
				TEST_TARGET_NAME = MontronCode;
			};
			name = Debug;
		};
		72F77CD22C0128E100348251 /* Release */ = {
			isa = XCBuildConfiguration;
			buildSettings = {
				ALWAYS_EMBED_SWIFT_STANDARD_LIBRARIES = YES;
				CODE_SIGN_STYLE = Automatic;
				CURRENT_PROJECT_VERSION = 1;
				GENERATE_INFOPLIST_FILE = YES;
				MARKETING_VERSION = 1.0;
				PRODUCT_BUNDLE_IDENTIFIER = com.smartmonitor.MontronCodeUITests;
				PRODUCT_NAME = "$(TARGET_NAME)";
				SWIFT_EMIT_LOC_STRINGS = NO;
				SWIFT_VERSION = 5.0;
				TARGETED_DEVICE_FAMILY = "1,2";
				TEST_TARGET_NAME = MontronCode;
			};
			name = Release;
		};
/* End XCBuildConfiguration section */

/* Begin XCConfigurationList section */
		72F77C9B2C0128E000348251 /* Build configuration list for PBXProject "MontronCode" */ = {
			isa = XCConfigurationList;
			buildConfigurations = (
				72F77CC82C0128E100348251 /* Debug */,
				72F77CC92C0128E100348251 /* Release */,
			);
			defaultConfigurationIsVisible = 0;
			defaultConfigurationName = Release;
		};
		72F77CCA2C0128E100348251 /* Build configuration list for PBXNativeTarget "MontronCode" */ = {
			isa = XCConfigurationList;
			buildConfigurations = (
				72F77CCB2C0128E100348251 /* Debug */,
				72F77CCC2C0128E100348251 /* Release */,
			);
			defaultConfigurationIsVisible = 0;
			defaultConfigurationName = Release;
		};
		72F77CCD2C0128E100348251 /* Build configuration list for PBXNativeTarget "MontronCodeTests" */ = {
			isa = XCConfigurationList;
			buildConfigurations = (
				72F77CCE2C0128E100348251 /* Debug */,
				72F77CCF2C0128E100348251 /* Release */,
			);
			defaultConfigurationIsVisible = 0;
			defaultConfigurationName = Release;
		};
		72F77CD02C0128E100348251 /* Build configuration list for PBXNativeTarget "MontronCodeUITests" */ = {
			isa = XCConfigurationList;
			buildConfigurations = (
				72F77CD12C0128E100348251 /* Debug */,
				72F77CD22C0128E100348251 /* Release */,
			);
			defaultConfigurationIsVisible = 0;
			defaultConfigurationName = Release;
		};
/* End XCConfigurationList section */
	};
	rootObject = 72F77C982C0128E000348251 /* Project object */;
}
